
Microsoft Visual Studio Solution File, Format Version 12.00
# Visual Studio Version 17
VisualStudioVersion = 17.2.32519.379
MinimumVisualStudioVersion = 10.0.40219.1
Project("{9A19103F-16F7-4668-BE54-9A1E7A4F7556}") = "ChatAsIntroToDependencyInversion.Server", "ChatAsIntroToDependencyInversion\ChatAsIntroToDependencyInversion.Server.csproj", "{36E76E0D-7D20-4972-AE8E-E522F81F5234}"
EndProject
Project("{9A19103F-16F7-4668-BE54-9A1E7A4F7556}") = "ChatAsIntroToDependecyInversion.ChatServer", "ChatAsIntroToDependecyInversion\ChatAsIntroToDependecyInversion.ChatServer.csproj", "{A6CA7219-EEFB-4E5F-9AFD-9C5BF1F91EBD}"
EndProject
Global
	GlobalSection(SolutionConfigurationPlatforms) = preSolution
		Debug|Any CPU = Debug|Any CPU
		Release|Any CPU = Release|Any CPU
	EndGlobalSection
	GlobalSection(ProjectConfigurationPlatforms) = postSolution
		{36E76E0D-7D20-4972-AE8E-E522F81F5234}.Debug|Any CPU.ActiveCfg = Debug|Any CPU
		{36E76E0D-7D20-4972-AE8E-E522F81F5234}.Debug|Any CPU.Build.0 = Debug|Any CPU
		{36E76E0D-7D20-4972-AE8E-E522F81F5234}.Release|Any CPU.ActiveCfg = Release|Any CPU
		{36E76E0D-7D20-4972-AE8E-E522F81F5234}.Release|Any CPU.Build.0 = Release|Any CPU
		{A6CA7219-EEFB-4E5F-9AFD-9C5BF1F91EBD}.Debug|Any CPU.ActiveCfg = Debug|Any CPU
		{A6CA7219-EEFB-4E5F-9AFD-9C5BF1F91EBD}.Debug|Any CPU.Build.0 = Debug|Any CPU
		{A6CA7219-EEFB-4E5F-9AFD-9C5BF1F91EBD}.Release|Any CPU.ActiveCfg = Release|Any CPU
		{A6CA7219-EEFB-4E5F-9AFD-9C5BF1F91EBD}.Release|Any CPU.Build.0 = Release|Any CPU
	EndGlobalSection
	GlobalSection(SolutionProperties) = preSolution
		HideSolutionNode = FALSE
	EndGlobalSection
	GlobalSection(ExtensibilityGlobals) = postSolution
		SolutionGuid = {18472A19-429A-4DA4-8E3E-970272086CBA}
	EndGlobalSection
EndGlobal
